// !$*UTF8*$!
{
	archiveVersion = 1;
	classes = {
	};
	objectVersion = 48;
	objects = {

/* Begin PBXBuildFile section */
		4C3FC26A1FE322BC00299D7D /* Search.graphql in Resources */ = {isa = PBXBuildFile; fileRef = 4C3FC2691FE322BC00299D7D /* Search.graphql */; };
		4C42E4ED1FE1B679003F1C68 /* AlertAPIErrorDelegate.swift in Sources */ = {isa = PBXBuildFile; fileRef = 4C42E4EC1FE1B679003F1C68 /* AlertAPIErrorDelegate.swift */; };
		4C42E4EF1FE1BB92003F1C68 /* bulleted-list.png in Resources */ = {isa = PBXBuildFile; fileRef = 4C42E4EE1FE1BB92003F1C68 /* bulleted-list.png */; };
		4C42E4F11FE1BC58003F1C68 /* MyGamesViewController.swift in Sources */ = {isa = PBXBuildFile; fileRef = 4C42E4F01FE1BC58003F1C68 /* MyGamesViewController.swift */; };
		4C4FC9D91FE23C9F002F6428 /* API.swift in Sources */ = {isa = PBXBuildFile; fileRef = 4C4FC9D81FE23C9F002F6428 /* API.swift */; };
		4C4FC9DB1FE23D42002F6428 /* MyGames.graphql in Resources */ = {isa = PBXBuildFile; fileRef = 4C4FC9DA1FE23D42002F6428 /* MyGames.graphql */; };
		4C57FC0B1FDF784F00A04E57 /* menu.png in Resources */ = {isa = PBXBuildFile; fileRef = 4C57FC071FDF784F00A04E57 /* menu.png */; };
		4C57FC0C1FDF784F00A04E57 /* person.png in Resources */ = {isa = PBXBuildFile; fileRef = 4C57FC081FDF784F00A04E57 /* person.png */; };
		4C57FC0D1FDF784F00A04E57 /* news.png in Resources */ = {isa = PBXBuildFile; fileRef = 4C57FC091FDF784F00A04E57 /* news.png */; };
		4C57FC0E1FDF784F00A04E57 /* people.png in Resources */ = {isa = PBXBuildFile; fileRef = 4C57FC0A1FDF784F00A04E57 /* people.png */; };
		4C57FC121FDF799300A04E57 /* search.png in Resources */ = {isa = PBXBuildFile; fileRef = 4C57FC111FDF799300A04E57 /* search.png */; };
		4C57FC151FDF7D9600A04E57 /* GamerankrAPI.swift in Sources */ = {isa = PBXBuildFile; fileRef = 4C57FC141FDF7D9600A04E57 /* GamerankrAPI.swift */; };
		4CD1C9DB1FDF6B62001A0B8D /* AppDelegate.swift in Sources */ = {isa = PBXBuildFile; fileRef = 4CD1C9DA1FDF6B62001A0B8D /* AppDelegate.swift */; };
		4CD1C9DD1FDF6B62001A0B8D /* FirstViewController.swift in Sources */ = {isa = PBXBuildFile; fileRef = 4CD1C9DC1FDF6B62001A0B8D /* FirstViewController.swift */; };
		4CD1C9DF1FDF6B62001A0B8D /* SearchViewController.swift in Sources */ = {isa = PBXBuildFile; fileRef = 4CD1C9DE1FDF6B62001A0B8D /* SearchViewController.swift */; };
		4CD1C9E21FDF6B62001A0B8D /* Main.storyboard in Resources */ = {isa = PBXBuildFile; fileRef = 4CD1C9E01FDF6B62001A0B8D /* Main.storyboard */; };
		4CD1C9E41FDF6B62001A0B8D /* Assets.xcassets in Resources */ = {isa = PBXBuildFile; fileRef = 4CD1C9E31FDF6B62001A0B8D /* Assets.xcassets */; };
		4CD1C9E71FDF6B62001A0B8D /* LaunchScreen.storyboard in Resources */ = {isa = PBXBuildFile; fileRef = 4CD1C9E51FDF6B62001A0B8D /* LaunchScreen.storyboard */; };
		CE8E0497A0E8B40F3F2EB4BF /* Pods_GameRankr.framework in Frameworks */ = {isa = PBXBuildFile; fileRef = 789F73E062F5246CCA222BFB /* Pods_GameRankr.framework */; };
/* End PBXBuildFile section */

/* Begin PBXFileReference section */
		4C3FC2691FE322BC00299D7D /* Search.graphql */ = {isa = PBXFileReference; lastKnownFileType = text; path = Search.graphql; sourceTree = "<group>"; };
		4C42E4EA1FE0C935003F1C68 /* InfoPlistPreprocess.h */ = {isa = PBXFileReference; lastKnownFileType = sourcecode.c.h; path = InfoPlistPreprocess.h; sourceTree = "<group>"; };
		4C42E4EC1FE1B679003F1C68 /* AlertAPIErrorDelegate.swift */ = {isa = PBXFileReference; lastKnownFileType = sourcecode.swift; path = AlertAPIErrorDelegate.swift; sourceTree = "<group>"; };
		4C42E4EE1FE1BB92003F1C68 /* bulleted-list.png */ = {isa = PBXFileReference; lastKnownFileType = image.png; path = "bulleted-list.png"; sourceTree = "<group>"; };
		4C42E4F01FE1BC58003F1C68 /* MyGamesViewController.swift */ = {isa = PBXFileReference; lastKnownFileType = sourcecode.swift; path = MyGamesViewController.swift; sourceTree = "<group>"; };
		4C4FC9D81FE23C9F002F6428 /* API.swift */ = {isa = PBXFileReference; fileEncoding = 4; lastKnownFileType = sourcecode.swift; path = API.swift; sourceTree = "<group>"; };
		4C4FC9DA1FE23D42002F6428 /* MyGames.graphql */ = {isa = PBXFileReference; lastKnownFileType = text; path = MyGames.graphql; sourceTree = "<group>"; };
		4C57FC071FDF784F00A04E57 /* menu.png */ = {isa = PBXFileReference; lastKnownFileType = image.png; path = menu.png; sourceTree = "<group>"; };
		4C57FC081FDF784F00A04E57 /* person.png */ = {isa = PBXFileReference; lastKnownFileType = image.png; path = person.png; sourceTree = "<group>"; };
		4C57FC091FDF784F00A04E57 /* news.png */ = {isa = PBXFileReference; lastKnownFileType = image.png; path = news.png; sourceTree = "<group>"; };
		4C57FC0A1FDF784F00A04E57 /* people.png */ = {isa = PBXFileReference; lastKnownFileType = image.png; path = people.png; sourceTree = "<group>"; };
		4C57FC111FDF799300A04E57 /* search.png */ = {isa = PBXFileReference; lastKnownFileType = image.png; path = search.png; sourceTree = "<group>"; };
		4C57FC141FDF7D9600A04E57 /* GamerankrAPI.swift */ = {isa = PBXFileReference; lastKnownFileType = sourcecode.swift; path = GamerankrAPI.swift; sourceTree = "<group>"; };
		4CD1C9D71FDF6B62001A0B8D /* GameRankr.app */ = {isa = PBXFileReference; explicitFileType = wrapper.application; includeInIndex = 0; path = GameRankr.app; sourceTree = BUILT_PRODUCTS_DIR; };
		4CD1C9DA1FDF6B62001A0B8D /* AppDelegate.swift */ = {isa = PBXFileReference; lastKnownFileType = sourcecode.swift; path = AppDelegate.swift; sourceTree = "<group>"; };
		4CD1C9DC1FDF6B62001A0B8D /* FirstViewController.swift */ = {isa = PBXFileReference; lastKnownFileType = sourcecode.swift; path = FirstViewController.swift; sourceTree = "<group>"; };
		4CD1C9DE1FDF6B62001A0B8D /* SearchViewController.swift */ = {isa = PBXFileReference; lastKnownFileType = sourcecode.swift; path = SearchViewController.swift; sourceTree = "<group>"; };
		4CD1C9E11FDF6B62001A0B8D /* Base */ = {isa = PBXFileReference; lastKnownFileType = file.storyboard; name = Base; path = Base.lproj/Main.storyboard; sourceTree = "<group>"; };
		4CD1C9E31FDF6B62001A0B8D /* Assets.xcassets */ = {isa = PBXFileReference; lastKnownFileType = folder.assetcatalog; path = Assets.xcassets; sourceTree = "<group>"; };
		4CD1C9E61FDF6B62001A0B8D /* Base */ = {isa = PBXFileReference; lastKnownFileType = file.storyboard; name = Base; path = Base.lproj/LaunchScreen.storyboard; sourceTree = "<group>"; };
		4CD1C9E81FDF6B62001A0B8D /* Info.plist */ = {isa = PBXFileReference; lastKnownFileType = text.plist.xml; path = Info.plist; sourceTree = "<group>"; };
		789F73E062F5246CCA222BFB /* Pods_GameRankr.framework */ = {isa = PBXFileReference; explicitFileType = wrapper.framework; includeInIndex = 0; path = Pods_GameRankr.framework; sourceTree = BUILT_PRODUCTS_DIR; };
		9636D8DE5AB47B40B99111C8 /* Pods-GameRankr.debug.xcconfig */ = {isa = PBXFileReference; includeInIndex = 1; lastKnownFileType = text.xcconfig; name = "Pods-GameRankr.debug.xcconfig"; path = "Pods/Target Support Files/Pods-GameRankr/Pods-GameRankr.debug.xcconfig"; sourceTree = "<group>"; };
		AF585C8083CAFA3BC47F063B /* Pods-GameRankr.release.xcconfig */ = {isa = PBXFileReference; includeInIndex = 1; lastKnownFileType = text.xcconfig; name = "Pods-GameRankr.release.xcconfig"; path = "Pods/Target Support Files/Pods-GameRankr/Pods-GameRankr.release.xcconfig"; sourceTree = "<group>"; };
/* End PBXFileReference section */

/* Begin PBXFrameworksBuildPhase section */
		4CD1C9D41FDF6B62001A0B8D /* Frameworks */ = {
			isa = PBXFrameworksBuildPhase;
			buildActionMask = 2147483647;
			files = (
				CE8E0497A0E8B40F3F2EB4BF /* Pods_GameRankr.framework in Frameworks */,
			);
			runOnlyForDeploymentPostprocessing = 0;
		};
/* End PBXFrameworksBuildPhase section */

/* Begin PBXGroup section */
		3A556575C0A8D5801DCF3901 /* Pods */ = {
			isa = PBXGroup;
			children = (
				9636D8DE5AB47B40B99111C8 /* Pods-GameRankr.debug.xcconfig */,
				AF585C8083CAFA3BC47F063B /* Pods-GameRankr.release.xcconfig */,
			);
			name = Pods;
			sourceTree = "<group>";
		};
		4C42E4F21FE1BC62003F1C68 /* Controllers */ = {
			isa = PBXGroup;
			children = (
				4C42E4F31FE1BC72003F1C68 /* Shared */,
				4CD1C9DC1FDF6B62001A0B8D /* FirstViewController.swift */,
				4CD1C9DE1FDF6B62001A0B8D /* SearchViewController.swift */,
				4C42E4F01FE1BC58003F1C68 /* MyGamesViewController.swift */,
			);
			path = Controllers;
			sourceTree = "<group>";
		};
		4C42E4F31FE1BC72003F1C68 /* Shared */ = {
			isa = PBXGroup;
			children = (
				4C42E4EC1FE1B679003F1C68 /* AlertAPIErrorDelegate.swift */,
			);
			path = Shared;
			sourceTree = "<group>";
		};
		4C57FC061FDF775A00A04E57 /* icons */ = {
			isa = PBXGroup;
			children = (
				4C42E4EE1FE1BB92003F1C68 /* bulleted-list.png */,
				4C57FC111FDF799300A04E57 /* search.png */,
				4C57FC071FDF784F00A04E57 /* menu.png */,
				4C57FC091FDF784F00A04E57 /* news.png */,
				4C57FC0A1FDF784F00A04E57 /* people.png */,
				4C57FC081FDF784F00A04E57 /* person.png */,
			);
			path = icons;
			sourceTree = "<group>";
		};
		4C57FC131FDF7D7600A04E57 /* API */ = {
			isa = PBXGroup;
			children = (
				4C57FC141FDF7D9600A04E57 /* GamerankrAPI.swift */,
				4C4FC9DA1FE23D42002F6428 /* MyGames.graphql */,
				4C3FC2691FE322BC00299D7D /* Search.graphql */,
			);
			path = API;
			sourceTree = "<group>";
		};
		4CD1C9CE1FDF6B62001A0B8D = {
			isa = PBXGroup;
			children = (
				4CD1C9D91FDF6B62001A0B8D /* GameRankr */,
				4CD1C9D81FDF6B62001A0B8D /* Products */,
				3A556575C0A8D5801DCF3901 /* Pods */,
				74B3CDE32606D9364F521C28 /* Frameworks */,
			);
			sourceTree = "<group>";
		};
		4CD1C9D81FDF6B62001A0B8D /* Products */ = {
			isa = PBXGroup;
			children = (
				4CD1C9D71FDF6B62001A0B8D /* GameRankr.app */,
			);
			name = Products;
			sourceTree = "<group>";
		};
		4CD1C9D91FDF6B62001A0B8D /* GameRankr */ = {
			isa = PBXGroup;
			children = (
				4C4FC9D81FE23C9F002F6428 /* API.swift */,
				4C57FC131FDF7D7600A04E57 /* API */,
				4C42E4F21FE1BC62003F1C68 /* Controllers */,
				4CD1C9DA1FDF6B62001A0B8D /* AppDelegate.swift */,
				4CD1C9E01FDF6B62001A0B8D /* Main.storyboard */,
				4C57FC061FDF775A00A04E57 /* icons */,
				4CD1C9E31FDF6B62001A0B8D /* Assets.xcassets */,
				4CD1C9E51FDF6B62001A0B8D /* LaunchScreen.storyboard */,
				4CD1C9E81FDF6B62001A0B8D /* Info.plist */,
				4C42E4EA1FE0C935003F1C68 /* InfoPlistPreprocess.h */,
			);
			path = GameRankr;
			sourceTree = "<group>";
		};
		74B3CDE32606D9364F521C28 /* Frameworks */ = {
			isa = PBXGroup;
			children = (
				789F73E062F5246CCA222BFB /* Pods_GameRankr.framework */,
			);
			name = Frameworks;
			sourceTree = "<group>";
		};
/* End PBXGroup section */

/* Begin PBXNativeTarget section */
		4CD1C9D61FDF6B62001A0B8D /* GameRankr */ = {
			isa = PBXNativeTarget;
			buildConfigurationList = 4CD1C9EB1FDF6B62001A0B8D /* Build configuration list for PBXNativeTarget "GameRankr" */;
			buildPhases = (
				518D6CDF62FBA23A731FC52D /* [CP] Check Pods Manifest.lock */,
				4C4FC9D51FE2303F002F6428 /* Generate Apollo GraphQL API */,
				4CD1C9D31FDF6B62001A0B8D /* Sources */,
				4CD1C9D41FDF6B62001A0B8D /* Frameworks */,
				4CD1C9D51FDF6B62001A0B8D /* Resources */,
				D7493EC3AA24BF99E19C5FD3 /* [CP] Embed Pods Frameworks */,
				F571DCC44775E35E2C022FD7 /* [CP] Copy Pods Resources */,
			);
			buildRules = (
			);
			dependencies = (
			);
			name = GameRankr;
			productName = GameRankr;
			productReference = 4CD1C9D71FDF6B62001A0B8D /* GameRankr.app */;
			productType = "com.apple.product-type.application";
		};
/* End PBXNativeTarget section */

/* Begin PBXProject section */
		4CD1C9CF1FDF6B62001A0B8D /* Project object */ = {
			isa = PBXProject;
			attributes = {
				LastSwiftUpdateCheck = 0920;
				LastUpgradeCheck = 0920;
				ORGANIZATIONNAME = Michael;
				TargetAttributes = {
					4CD1C9D61FDF6B62001A0B8D = {
						CreatedOnToolsVersion = 9.2;
						ProvisioningStyle = Automatic;
					};
				};
			};
			buildConfigurationList = 4CD1C9D21FDF6B62001A0B8D /* Build configuration list for PBXProject "GameRankr" */;
			compatibilityVersion = "Xcode 8.0";
			developmentRegion = en;
			hasScannedForEncodings = 0;
			knownRegions = (
				en,
				Base,
			);
			mainGroup = 4CD1C9CE1FDF6B62001A0B8D;
			productRefGroup = 4CD1C9D81FDF6B62001A0B8D /* Products */;
			projectDirPath = "";
			projectRoot = "";
			targets = (
				4CD1C9D61FDF6B62001A0B8D /* GameRankr */,
			);
		};
/* End PBXProject section */

/* Begin PBXResourcesBuildPhase section */
		4CD1C9D51FDF6B62001A0B8D /* Resources */ = {
			isa = PBXResourcesBuildPhase;
			buildActionMask = 2147483647;
			files = (
				4C57FC0E1FDF784F00A04E57 /* people.png in Resources */,
				4C4FC9DB1FE23D42002F6428 /* MyGames.graphql in Resources */,
				4C57FC121FDF799300A04E57 /* search.png in Resources */,
				4C57FC0B1FDF784F00A04E57 /* menu.png in Resources */,
				4CD1C9E71FDF6B62001A0B8D /* LaunchScreen.storyboard in Resources */,
				4C57FC0D1FDF784F00A04E57 /* news.png in Resources */,
				4C42E4EF1FE1BB92003F1C68 /* bulleted-list.png in Resources */,
				4C3FC26A1FE322BC00299D7D /* Search.graphql in Resources */,
				4CD1C9E41FDF6B62001A0B8D /* Assets.xcassets in Resources */,
				4CD1C9E21FDF6B62001A0B8D /* Main.storyboard in Resources */,
				4C57FC0C1FDF784F00A04E57 /* person.png in Resources */,
			);
			runOnlyForDeploymentPostprocessing = 0;
		};
/* End PBXResourcesBuildPhase section */

/* Begin PBXShellScriptBuildPhase section */
		4C4FC9D51FE2303F002F6428 /* Generate Apollo GraphQL API */ = {
			isa = PBXShellScriptBuildPhase;
			buildActionMask = 2147483647;
			files = (
			);
			inputPaths = (
			);
			name = "Generate Apollo GraphQL API";
			outputPaths = (
			);
			runOnlyForDeploymentPostprocessing = 0;
			shellPath = /bin/sh;
			shellScript = "APOLLO_FRAMEWORK_PATH=\"$(eval find $FRAMEWORK_SEARCH_PATHS -name \"Apollo.framework\" -maxdepth 1)\"\n\nif [ -z \"$APOLLO_FRAMEWORK_PATH\" ]; then\necho \"error: Couldn't find Apollo.framework in FRAMEWORK_SEARCH_PATHS; make sure to add the framework to your project.\"\nexit 1\nfi\n\ncd \"${SRCROOT}/${TARGET_NAME}\"\n$APOLLO_FRAMEWORK_PATH/check-and-run-apollo-codegen.sh generate $(find . -name '*.graphql') --schema schema.json --output API.swift";
		};
		518D6CDF62FBA23A731FC52D /* [CP] Check Pods Manifest.lock */ = {
			isa = PBXShellScriptBuildPhase;
			buildActionMask = 2147483647;
			files = (
			);
			inputPaths = (
				"${PODS_PODFILE_DIR_PATH}/Podfile.lock",
				"${PODS_ROOT}/Manifest.lock",
			);
			name = "[CP] Check Pods Manifest.lock";
			outputPaths = (
				"$(DERIVED_FILE_DIR)/Pods-GameRankr-checkManifestLockResult.txt",
			);
			runOnlyForDeploymentPostprocessing = 0;
			shellPath = /bin/sh;
			shellScript = "diff \"${PODS_PODFILE_DIR_PATH}/Podfile.lock\" \"${PODS_ROOT}/Manifest.lock\" > /dev/null\nif [ $? != 0 ] ; then\n    # print error to STDERR\n    echo \"error: The sandbox is not in sync with the Podfile.lock. Run 'pod install' or update your CocoaPods installation.\" >&2\n    exit 1\nfi\n# This output is used by Xcode 'outputs' to avoid re-running this script phase.\necho \"SUCCESS\" > \"${SCRIPT_OUTPUT_FILE_0}\"\n";
			showEnvVarsInLog = 0;
		};
		D7493EC3AA24BF99E19C5FD3 /* [CP] Embed Pods Frameworks */ = {
			isa = PBXShellScriptBuildPhase;
			buildActionMask = 2147483647;
			files = (
			);
			inputPaths = (
				"${SRCROOT}/Pods/Target Support Files/Pods-GameRankr/Pods-GameRankr-frameworks.sh",
				"${BUILT_PRODUCTS_DIR}/Apollo/Apollo.framework",
				"${BUILT_PRODUCTS_DIR}/Bolts/Bolts.framework",
				"${BUILT_PRODUCTS_DIR}/FBSDKCoreKit/FBSDKCoreKit.framework",
				"${BUILT_PRODUCTS_DIR}/FBSDKLoginKit/FBSDKLoginKit.framework",
				"${BUILT_PRODUCTS_DIR}/FBSDKShareKit/FBSDKShareKit.framework",
				"${BUILT_PRODUCTS_DIR}/FacebookCore/FacebookCore.framework",
				"${BUILT_PRODUCTS_DIR}/FacebookLogin/FacebookLogin.framework",
				"${BUILT_PRODUCTS_DIR}/FacebookShare/FacebookShare.framework",
			);
			name = "[CP] Embed Pods Frameworks";
			outputPaths = (
				"${TARGET_BUILD_DIR}/${FRAMEWORKS_FOLDER_PATH}/Apollo.framework",
				"${TARGET_BUILD_DIR}/${FRAMEWORKS_FOLDER_PATH}/Bolts.framework",
				"${TARGET_BUILD_DIR}/${FRAMEWORKS_FOLDER_PATH}/FBSDKCoreKit.framework",
				"${TARGET_BUILD_DIR}/${FRAMEWORKS_FOLDER_PATH}/FBSDKLoginKit.framework",
				"${TARGET_BUILD_DIR}/${FRAMEWORKS_FOLDER_PATH}/FBSDKShareKit.framework",
				"${TARGET_BUILD_DIR}/${FRAMEWORKS_FOLDER_PATH}/FacebookCore.framework",
				"${TARGET_BUILD_DIR}/${FRAMEWORKS_FOLDER_PATH}/FacebookLogin.framework",
				"${TARGET_BUILD_DIR}/${FRAMEWORKS_FOLDER_PATH}/FacebookShare.framework",
			);
			runOnlyForDeploymentPostprocessing = 0;
			shellPath = /bin/sh;
			shellScript = "\"${SRCROOT}/Pods/Target Support Files/Pods-GameRankr/Pods-GameRankr-frameworks.sh\"\n";
			showEnvVarsInLog = 0;
		};
		F571DCC44775E35E2C022FD7 /* [CP] Copy Pods Resources */ = {
			isa = PBXShellScriptBuildPhase;
			buildActionMask = 2147483647;
			files = (
			);
			inputPaths = (
			);
			name = "[CP] Copy Pods Resources";
			outputPaths = (
			);
			runOnlyForDeploymentPostprocessing = 0;
			shellPath = /bin/sh;
			shellScript = "\"${SRCROOT}/Pods/Target Support Files/Pods-GameRankr/Pods-GameRankr-resources.sh\"\n";
			showEnvVarsInLog = 0;
		};
/* End PBXShellScriptBuildPhase section */

/* Begin PBXSourcesBuildPhase section */
		4CD1C9D31FDF6B62001A0B8D /* Sources */ = {
			isa = PBXSourcesBuildPhase;
			buildActionMask = 2147483647;
			files = (
				4C42E4ED1FE1B679003F1C68 /* AlertAPIErrorDelegate.swift in Sources */,
				4CD1C9DF1FDF6B62001A0B8D /* SearchViewController.swift in Sources */,
				4CD1C9DB1FDF6B62001A0B8D /* AppDelegate.swift in Sources */,
				4C42E4F11FE1BC58003F1C68 /* MyGamesViewController.swift in Sources */,
				4C4FC9D91FE23C9F002F6428 /* API.swift in Sources */,
				4C57FC151FDF7D9600A04E57 /* GamerankrAPI.swift in Sources */,
				4CD1C9DD1FDF6B62001A0B8D /* FirstViewController.swift in Sources */,
			);
			runOnlyForDeploymentPostprocessing = 0;
		};
/* End PBXSourcesBuildPhase section */

/* Begin PBXVariantGroup section */
		4CD1C9E01FDF6B62001A0B8D /* Main.storyboard */ = {
			isa = PBXVariantGroup;
			children = (
				4CD1C9E11FDF6B62001A0B8D /* Base */,
			);
			name = Main.storyboard;
			sourceTree = "<group>";
		};
		4CD1C9E51FDF6B62001A0B8D /* LaunchScreen.storyboard */ = {
			isa = PBXVariantGroup;
			children = (
				4CD1C9E61FDF6B62001A0B8D /* Base */,
			);
			name = LaunchScreen.storyboard;
			sourceTree = "<group>";
		};
/* End PBXVariantGroup section */

/* Begin XCBuildConfiguration section */
		4CD1C9E91FDF6B62001A0B8D /* Debug */ = {
			isa = XCBuildConfiguration;
			buildSettings = {
				ALWAYS_SEARCH_USER_PATHS = NO;
				CLANG_ANALYZER_NONNULL = YES;
				CLANG_ANALYZER_NUMBER_OBJECT_CONVERSION = YES_AGGRESSIVE;
				CLANG_CXX_LANGUAGE_STANDARD = "gnu++14";
				CLANG_CXX_LIBRARY = "libc++";
				CLANG_ENABLE_MODULES = YES;
				CLANG_ENABLE_OBJC_ARC = YES;
				CLANG_WARN_BLOCK_CAPTURE_AUTORELEASING = YES;
				CLANG_WARN_BOOL_CONVERSION = YES;
				CLANG_WARN_COMMA = YES;
				CLANG_WARN_CONSTANT_CONVERSION = YES;
				CLANG_WARN_DIRECT_OBJC_ISA_USAGE = YES_ERROR;
				CLANG_WARN_DOCUMENTATION_COMMENTS = YES;
				CLANG_WARN_EMPTY_BODY = YES;
				CLANG_WARN_ENUM_CONVERSION = YES;
				CLANG_WARN_INFINITE_RECURSION = YES;
				CLANG_WARN_INT_CONVERSION = YES;
				CLANG_WARN_NON_LITERAL_NULL_CONVERSION = YES;
				CLANG_WARN_OBJC_LITERAL_CONVERSION = YES;
				CLANG_WARN_OBJC_ROOT_CLASS = YES_ERROR;
				CLANG_WARN_RANGE_LOOP_ANALYSIS = YES;
				CLANG_WARN_STRICT_PROTOTYPES = YES;
				CLANG_WARN_SUSPICIOUS_MOVE = YES;
				CLANG_WARN_UNGUARDED_AVAILABILITY = YES_AGGRESSIVE;
				CLANG_WARN_UNREACHABLE_CODE = YES;
				CLANG_WARN__DUPLICATE_METHOD_MATCH = YES;
				CODE_SIGN_IDENTITY = "iPhone Developer";
				COPY_PHASE_STRIP = NO;
				DEBUG_INFORMATION_FORMAT = dwarf;
				ENABLE_STRICT_OBJC_MSGSEND = YES;
				ENABLE_TESTABILITY = YES;
				GCC_C_LANGUAGE_STANDARD = gnu11;
				GCC_DYNAMIC_NO_PIC = NO;
				GCC_NO_COMMON_BLOCKS = YES;
				GCC_OPTIMIZATION_LEVEL = 0;
				GCC_PREPROCESSOR_DEFINITIONS = (
					"DEBUG=1",
					"$(inherited)",
				);
				GCC_WARN_64_TO_32_BIT_CONVERSION = YES;
				GCC_WARN_ABOUT_RETURN_TYPE = YES_ERROR;
				GCC_WARN_UNDECLARED_SELECTOR = YES;
				GCC_WARN_UNINITIALIZED_AUTOS = YES_AGGRESSIVE;
				GCC_WARN_UNUSED_FUNCTION = YES;
				GCC_WARN_UNUSED_VARIABLE = YES;
				INFOPLIST_PREFIX_HEADER = GameRankr/InfoPlistPreprocess.h;
				INFOPLIST_PREPROCESS = YES;
				IPHONEOS_DEPLOYMENT_TARGET = 11.2;
				MTL_ENABLE_DEBUG_INFO = YES;
				ONLY_ACTIVE_ARCH = YES;
				SDKROOT = iphoneos;
				SWIFT_ACTIVE_COMPILATION_CONDITIONS = DEBUG;
				SWIFT_OPTIMIZATION_LEVEL = "-Onone";
			};
			name = Debug;
		};
		4CD1C9EA1FDF6B62001A0B8D /* Release */ = {
			isa = XCBuildConfiguration;
			buildSettings = {
				ALWAYS_SEARCH_USER_PATHS = NO;
				CLANG_ANALYZER_NONNULL = YES;
				CLANG_ANALYZER_NUMBER_OBJECT_CONVERSION = YES_AGGRESSIVE;
				CLANG_CXX_LANGUAGE_STANDARD = "gnu++14";
				CLANG_CXX_LIBRARY = "libc++";
				CLANG_ENABLE_MODULES = YES;
				CLANG_ENABLE_OBJC_ARC = YES;
				CLANG_WARN_BLOCK_CAPTURE_AUTORELEASING = YES;
				CLANG_WARN_BOOL_CONVERSION = YES;
				CLANG_WARN_COMMA = YES;
				CLANG_WARN_CONSTANT_CONVERSION = YES;
				CLANG_WARN_DIRECT_OBJC_ISA_USAGE = YES_ERROR;
				CLANG_WARN_DOCUMENTATION_COMMENTS = YES;
				CLANG_WARN_EMPTY_BODY = YES;
				CLANG_WARN_ENUM_CONVERSION = YES;
				CLANG_WARN_INFINITE_RECURSION = YES;
				CLANG_WARN_INT_CONVERSION = YES;
				CLANG_WARN_NON_LITERAL_NULL_CONVERSION = YES;
				CLANG_WARN_OBJC_LITERAL_CONVERSION = YES;
				CLANG_WARN_OBJC_ROOT_CLASS = YES_ERROR;
				CLANG_WARN_RANGE_LOOP_ANALYSIS = YES;
				CLANG_WARN_STRICT_PROTOTYPES = YES;
				CLANG_WARN_SUSPICIOUS_MOVE = YES;
				CLANG_WARN_UNGUARDED_AVAILABILITY = YES_AGGRESSIVE;
				CLANG_WARN_UNREACHABLE_CODE = YES;
				CLANG_WARN__DUPLICATE_METHOD_MATCH = YES;
				CODE_SIGN_IDENTITY = "iPhone Developer";
				COPY_PHASE_STRIP = NO;
				DEBUG_INFORMATION_FORMAT = "dwarf-with-dsym";
				ENABLE_NS_ASSERTIONS = NO;
				ENABLE_STRICT_OBJC_MSGSEND = YES;
				GCC_C_LANGUAGE_STANDARD = gnu11;
				GCC_NO_COMMON_BLOCKS = YES;
				GCC_WARN_64_TO_32_BIT_CONVERSION = YES;
				GCC_WARN_ABOUT_RETURN_TYPE = YES_ERROR;
				GCC_WARN_UNDECLARED_SELECTOR = YES;
				GCC_WARN_UNINITIALIZED_AUTOS = YES_AGGRESSIVE;
				GCC_WARN_UNUSED_FUNCTION = YES;
				GCC_WARN_UNUSED_VARIABLE = YES;
				INFOPLIST_PREFIX_HEADER = GameRankr/InfoPlistPreprocess.h;
				INFOPLIST_PREPROCESS = YES;
				IPHONEOS_DEPLOYMENT_TARGET = 11.2;
				MTL_ENABLE_DEBUG_INFO = NO;
				SDKROOT = iphoneos;
				SWIFT_OPTIMIZATION_LEVEL = "-Owholemodule";
				VALIDATE_PRODUCT = YES;
			};
			name = Release;
		};
		4CD1C9EC1FDF6B62001A0B8D /* Debug */ = {
			isa = XCBuildConfiguration;
			baseConfigurationReference = 9636D8DE5AB47B40B99111C8 /* Pods-GameRankr.debug.xcconfig */;
			buildSettings = {
				ASSETCATALOG_COMPILER_APPICON_NAME = AppIcon;
				CODE_SIGN_STYLE = Automatic;
				FRAMEWORK_SEARCH_PATHS = (
					"$(inherited)",
					"$(PROJECT_DIR)/Frameworks",
				);
				INFOPLIST_FILE = GameRankr/Info.plist;
				LD_RUNPATH_SEARCH_PATHS = "$(inherited) @executable_path/Frameworks";
				PRODUCT_BUNDLE_IDENTIFIER = com.michaeleconomy.GameRankr;
				PRODUCT_NAME = "$(TARGET_NAME)";
				SWIFT_VERSION = 4.0;
				TARGETED_DEVICE_FAMILY = 1;
			};
			name = Debug;
		};
		4CD1C9ED1FDF6B62001A0B8D /* Release */ = {
			isa = XCBuildConfiguration;
			baseConfigurationReference = AF585C8083CAFA3BC47F063B /* Pods-GameRankr.release.xcconfig */;
			buildSettings = {
				ASSETCATALOG_COMPILER_APPICON_NAME = AppIcon;
				CODE_SIGN_STYLE = Automatic;
				FRAMEWORK_SEARCH_PATHS = (
					"$(inherited)",
					"$(PROJECT_DIR)/Frameworks",
				);
				INFOPLIST_FILE = GameRankr/Info.plist;
				LD_RUNPATH_SEARCH_PATHS = "$(inherited) @executable_path/Frameworks";
				PRODUCT_BUNDLE_IDENTIFIER = com.michaeleconomy.GameRankr;
				PRODUCT_NAME = "$(TARGET_NAME)";
				SWIFT_VERSION = 4.0;
				TARGETED_DEVICE_FAMILY = 1;
			};
			name = Release;
		};
/* End XCBuildConfiguration section */

/* Begin XCConfigurationList section */
		4CD1C9D21FDF6B62001A0B8D /* Build configuration list for PBXProject "GameRankr" */ = {
			isa = XCConfigurationList;
			buildConfigurations = (
				4CD1C9E91FDF6B62001A0B8D /* Debug */,
				4CD1C9EA1FDF6B62001A0B8D /* Release */,
			);
			defaultConfigurationIsVisible = 0;
			defaultConfigurationName = Release;
		};
		4CD1C9EB1FDF6B62001A0B8D /* Build configuration list for PBXNativeTarget "GameRankr" */ = {
			isa = XCConfigurationList;
			buildConfigurations = (
				4CD1C9EC1FDF6B62001A0B8D /* Debug */,
				4CD1C9ED1FDF6B62001A0B8D /* Release */,
			);
			defaultConfigurationIsVisible = 0;
			defaultConfigurationName = Release;
		};
/* End XCConfigurationList section */
	};
	rootObject = 4CD1C9CF1FDF6B62001A0B8D /* Project object */;
}
