PODS:
  - Kingfisher (7.10.2)
  - Sentry (8.20.0):
    - Sentry/Core (= 8.20.0)
    - SentryPrivate (= 8.20.0)
  - Sentry/Core (8.20.0):
    - SentryPrivate (= 8.20.0)
  - SentryPrivate (8.20.0)

DEPENDENCIES:
  - Kingfisher
  - Sentry

SPEC REPOS:
  trunk:
    - Kingfisher
    - Sentry
    - SentryPrivate

SPEC CHECKSUMS:
  Kingfisher: 99edc495d3b7607e6425f0d6f6847b2abd6d716d
  Sentry: a8d7b373b9f9868442b02a0c425192f693103cbf
  SentryPrivate: 006b24af16828441f70e2ab6adf241bd0a8ad130

PODFILE CHECKSUM: 966504900cb46573ed79317f400389f536025937

COCOAPODS: 1.15.0
