{
  "pins" : [
    {
      "identity" : "apollo-ios",
      "kind" : "remoteSourceControl",
      "location" : "https://github.com/apollographql/apollo-ios.git",
      "state" : {
        "revision" : "74a16c771a0a5f2cb9e069e8f96125a9288894d0",
        "version" : "1.9.0"
      }
    },
    {
      "identity" : "sqlite.swift",
      "kind" : "remoteSourceControl",
      "location" : "https://github.com/stephencelis/SQLite.swift.git",
      "state" : {
        "revision" : "7a2e3cd27de56f6d396e84f63beefd0267b55ccb",
        "version" : "0.14.1"
      }
    }
  ],
  "version" : 2
}
